
Microsoft Visual Studio Solution File, Format Version 12.00
# Visual Studio Version 17
VisualStudioVersion = 17.13.35931.197 d17.13
MinimumVisualStudioVersion = 10.0.40219.1
Project("{FAE04EC0-301F-11D3-BF4B-00C04F79EFBC}") = "EstruturaRep", "EstruturaRep.csproj", "{C8F21E9D-18FF-4E8E-983A-09DFC829702F}"
EndProject
Global
	GlobalSection(SolutionConfigurationPlatforms) = preSolution
		Debug|Any CPU = Debug|Any CPU
		Release|Any CPU = Release|Any CPU
	EndGlobalSection
	GlobalSection(ProjectConfigurationPlatforms) = postSolution
		{C8F21E9D-18FF-4E8E-983A-09DFC829702F}.Debug|Any CPU.ActiveCfg = Debug|Any CPU
		{C8F21E9D-18FF-4E8E-983A-09DFC829702F}.Debug|Any CPU.Build.0 = Debug|Any CPU
		{C8F21E9D-18FF-4E8E-983A-09DFC829702F}.Release|Any CPU.ActiveCfg = Release|Any CPU
		{C8F21E9D-18FF-4E8E-983A-09DFC829702F}.Release|Any CPU.Build.0 = Release|Any CPU
	EndGlobalSection
	GlobalSection(SolutionProperties) = preSolution
		HideSolutionNode = FALSE
	EndGlobalSection
	GlobalSection(ExtensibilityGlobals) = postSolution
		SolutionGuid = {85411579-B249-49F0-8261-45EE968C8086}
	EndGlobalSection
EndGlobal
